
Microsoft Visual Studio Solution File, Format Version 12.00
# Visual Studio Version 16
VisualStudioVersion = 16.0.32002.261
MinimumVisualStudioVersion = 10.0.40219.1
Project("{FAE04EC0-301F-11D3-BF4B-00C04F79EFBC}") = "ECommerceWTech.Business", "ECommerceWTech.Business\ECommerceWTech.Business.csproj", "{6A457614-79D8-4323-A6A7-5679958E7675}"
EndProject
Project("{FAE04EC0-301F-11D3-BF4B-00C04F79EFBC}") = "ECommerceWTech.Data", "ECommerceWTech.Data\ECommerceWTech.Data.csproj", "{84EFD69B-70BD-43EA-80CD-84A4C75B86BB}"
EndProject
Project("{FAE04EC0-301F-11D3-BF4B-00C04F79EFBC}") = "ECommerceWTech.UI", "ECommerceWTech.UI\ECommerceWTech.UI.csproj", "{109E1395-9B33-4AC3-BDB8-60884D8FB139}"
EndProject
Global
	GlobalSection(SolutionConfigurationPlatforms) = preSolution
		Debug|Any CPU = Debug|Any CPU
		Release|Any CPU = Release|Any CPU
	EndGlobalSection
	GlobalSection(ProjectConfigurationPlatforms) = postSolution
		{6A457614-79D8-4323-A6A7-5679958E7675}.Debug|Any CPU.ActiveCfg = Debug|Any CPU
		{6A457614-79D8-4323-A6A7-5679958E7675}.Debug|Any CPU.Build.0 = Debug|Any CPU
		{6A457614-79D8-4323-A6A7-5679958E7675}.Release|Any CPU.ActiveCfg = Release|Any CPU
		{6A457614-79D8-4323-A6A7-5679958E7675}.Release|Any CPU.Build.0 = Release|Any CPU
		{84EFD69B-70BD-43EA-80CD-84A4C75B86BB}.Debug|Any CPU.ActiveCfg = Debug|Any CPU
		{84EFD69B-70BD-43EA-80CD-84A4C75B86BB}.Debug|Any CPU.Build.0 = Debug|Any CPU
		{84EFD69B-70BD-43EA-80CD-84A4C75B86BB}.Release|Any CPU.ActiveCfg = Release|Any CPU
		{84EFD69B-70BD-43EA-80CD-84A4C75B86BB}.Release|Any CPU.Build.0 = Release|Any CPU
		{109E1395-9B33-4AC3-BDB8-60884D8FB139}.Debug|Any CPU.ActiveCfg = Debug|Any CPU
		{109E1395-9B33-4AC3-BDB8-60884D8FB139}.Debug|Any CPU.Build.0 = Debug|Any CPU
		{109E1395-9B33-4AC3-BDB8-60884D8FB139}.Release|Any CPU.ActiveCfg = Release|Any CPU
		{109E1395-9B33-4AC3-BDB8-60884D8FB139}.Release|Any CPU.Build.0 = Release|Any CPU
	EndGlobalSection
	GlobalSection(SolutionProperties) = preSolution
		HideSolutionNode = FALSE
	EndGlobalSection
	GlobalSection(ExtensibilityGlobals) = postSolution
		SolutionGuid = {04CE524B-41A6-42FF-9F04-120946AEC26F}
	EndGlobalSection
EndGlobal
